
Microsoft Visual Studio Solution File, Format Version 12.00
# Visual Studio Version 17
VisualStudioVersion = 17.11.35303.130
MinimumVisualStudioVersion = 10.0.40219.1
Project("{2150E333-8FDC-42A3-9474-1A3956D46DE8}") = "Task0", "Task0", "{0D8B8C61-ED6C-4E6B-B97C-8741AF364B71}"
EndProject
Project("{9A19103F-16F7-4668-BE54-9A1E7A4F7556}") = "Tyuiu.UhalovAK.Sprint4.Task0.V4", "Tyuiu.UhalovAK.Sprint4.Task0.V4\Tyuiu.UhalovAK.Sprint4.Task0.V4.csproj", "{6A79AB97-4A67-42C6-80E5-8752F1CCB80F}"
EndProject
Project("{9A19103F-16F7-4668-BE54-9A1E7A4F7556}") = "Tyuiu.UhalovAK.Sprint4.Task0.V4.Lib", "Tyuiu.UhalovAK.Sprint4.Task0.V4.Lib\Tyuiu.UhalovAK.Sprint4.Task0.V4.Lib.csproj", "{25F2DDC9-C4E6-4A26-BC98-3B9B04C320A6}"
EndProject
Project("{9A19103F-16F7-4668-BE54-9A1E7A4F7556}") = "Tyuiu.UhalovAK.Sprint4.Task0.V4.Test", "Tyuiu.UhalovAK.Sprint4.Task0.V4.Test\Tyuiu.UhalovAK.Sprint4.Task0.V4.Test.csproj", "{0C6127E5-C16E-4DF1-B3E3-72667A0F2156}"
EndProject
Project("{2150E333-8FDC-42A3-9474-1A3956D46DE8}") = "Task1", "Task1", "{F71C0957-D985-4AF2-9273-1F88B2A8F44E}"
EndProject
Project("{9A19103F-16F7-4668-BE54-9A1E7A4F7556}") = "Tyuiu.UhalovAK.Sprint4.Task1.V6", "Tyuiu.UhalovAK.Sprint4.Task1.V6\Tyuiu.UhalovAK.Sprint4.Task1.V6.csproj", "{510DAC64-C69D-41C9-BCAB-A3D59EC02DF1}"
EndProject
Project("{9A19103F-16F7-4668-BE54-9A1E7A4F7556}") = "Tyuiu.UhalovAK.Sprint4.Task1.V6.Lib", "Tyuiu.UhalovAK.Sprint4.Task1.V6.Lib\Tyuiu.UhalovAK.Sprint4.Task1.V6.Lib.csproj", "{9E0E1D66-3EE0-44E8-A0D7-00C7CC68CBC8}"
EndProject
Project("{9A19103F-16F7-4668-BE54-9A1E7A4F7556}") = "Tyuiu.UhalovAK.Sprint4.Task1.V6.Test", "Tyuiu.UhalovAK.Sprint4.Task1.V6.Test\Tyuiu.UhalovAK.Sprint4.Task1.V6.Test.csproj", "{2E3C1EA5-FA80-4194-9930-332681A25BA7}"
EndProject
Project("{2150E333-8FDC-42A3-9474-1A3956D46DE8}") = "Task2", "Task2", "{462D6F3E-79C5-4E92-98EC-C416CC477221}"
EndProject
Project("{9A19103F-16F7-4668-BE54-9A1E7A4F7556}") = "Tyuiu.UhalovAK.Sprint4.Task2.V24", "Tyuiu.UhalovAK.Sprint4.Task2.V24\Tyuiu.UhalovAK.Sprint4.Task2.V24.csproj", "{B00DF221-6C91-4623-B2E5-FD5B5B7FE76E}"
EndProject
Project("{9A19103F-16F7-4668-BE54-9A1E7A4F7556}") = "Tyuiu.UhalovAK.Sprint4.Task2.V24.Lib", "Tyuiu.UhalovAK.Sprint4.Task2.V24.Lib\Tyuiu.UhalovAK.Sprint4.Task2.V24.Lib.csproj", "{A3E311BB-03AC-48E4-882F-4682201D6564}"
EndProject
Project("{9A19103F-16F7-4668-BE54-9A1E7A4F7556}") = "Tyuiu.UhalovAK.Sprint4.Task2.V24.Test", "Tyuiu.UhalovAK.Sprint4.Task2.V24.Test\Tyuiu.UhalovAK.Sprint4.Task2.V24.Test.csproj", "{E9081628-5CE5-471D-AD51-F8B47856BEDB}"
EndProject
Project("{2150E333-8FDC-42A3-9474-1A3956D46DE8}") = "Task3", "Task3", "{8C63CAD1-98DA-41B7-8AD1-C180A723B74B}"
EndProject
Project("{9A19103F-16F7-4668-BE54-9A1E7A4F7556}") = "Tyuiu.UhalovAK.Sprint4.Task3.V13", "Tyuiu.UhalovAK.Sprint4.Task3.V13\Tyuiu.UhalovAK.Sprint4.Task3.V13.csproj", "{DF3050BD-0C47-4018-B10B-916C9B4BA097}"
EndProject
Project("{9A19103F-16F7-4668-BE54-9A1E7A4F7556}") = "Tyuiu.UhalovAK.Sprint4.Task3.V13.Lib", "Tyuiu.UhalovAK.Sprint4.Task3.V13.Lib\Tyuiu.UhalovAK.Sprint4.Task3.V13.Lib.csproj", "{FE5E27D9-83F7-482D-BD6B-E13829D8DD67}"
EndProject
Project("{9A19103F-16F7-4668-BE54-9A1E7A4F7556}") = "Tyuiu.UhalovAK.Sprint4.Task3.V13.Test", "Tyuiu.UhalovAK.Sprint4.Task3.V13.Test\Tyuiu.UhalovAK.Sprint4.Task3.V13.Test.csproj", "{67C4CE32-891A-4D7E-9204-E61D7A8702B0}"
EndProject
Project("{2150E333-8FDC-42A3-9474-1A3956D46DE8}") = "Task4", "Task4", "{BEAA37B3-A1E1-4122-AF7A-DC149B57F0A1}"
EndProject
Project("{FAE04EC0-301F-11D3-BF4B-00C04F79EFBC}") = "Tyuiu.UhalovAK.Sprint4.Task4.V1", "Tyuiu.UhalovAK.Sprint4.Task4.V1\Tyuiu.UhalovAK.Sprint4.Task4.V1.csproj", "{A6FD93B0-8A15-410B-80FA-4F9C9E8DE3DD}"
EndProject
Project("{FAE04EC0-301F-11D3-BF4B-00C04F79EFBC}") = "Tyuiu.UhalovAK.Sprint4.Task4.V1.Lib", "Tyuiu.UhalovAK.Sprint4.Task4.V1.Lib\Tyuiu.UhalovAK.Sprint4.Task4.V1.Lib.csproj", "{2DF9AF76-DBCE-425E-BE91-58CA0C8254EB}"
EndProject
Project("{FAE04EC0-301F-11D3-BF4B-00C04F79EFBC}") = "Tyuiu.UhalovAK.Sprint4.Task4.V1.Test", "Tyuiu.UhalovAK.Sprint4.Task4.V1.Test\Tyuiu.UhalovAK.Sprint4.Task4.V1.Test.csproj", "{76F0BE26-26D6-43E4-9DCA-DE656402609D}"
EndProject
Global
	GlobalSection(SolutionConfigurationPlatforms) = preSolution
		Debug|Any CPU = Debug|Any CPU
		Release|Any CPU = Release|Any CPU
	EndGlobalSection
	GlobalSection(ProjectConfigurationPlatforms) = postSolution
		{6A79AB97-4A67-42C6-80E5-8752F1CCB80F}.Debug|Any CPU.ActiveCfg = Debug|Any CPU
		{6A79AB97-4A67-42C6-80E5-8752F1CCB80F}.Debug|Any CPU.Build.0 = Debug|Any CPU
		{6A79AB97-4A67-42C6-80E5-8752F1CCB80F}.Release|Any CPU.ActiveCfg = Release|Any CPU
		{6A79AB97-4A67-42C6-80E5-8752F1CCB80F}.Release|Any CPU.Build.0 = Release|Any CPU
		{25F2DDC9-C4E6-4A26-BC98-3B9B04C320A6}.Debug|Any CPU.ActiveCfg = Debug|Any CPU
		{25F2DDC9-C4E6-4A26-BC98-3B9B04C320A6}.Debug|Any CPU.Build.0 = Debug|Any CPU
		{25F2DDC9-C4E6-4A26-BC98-3B9B04C320A6}.Release|Any CPU.ActiveCfg = Release|Any CPU
		{25F2DDC9-C4E6-4A26-BC98-3B9B04C320A6}.Release|Any CPU.Build.0 = Release|Any CPU
		{0C6127E5-C16E-4DF1-B3E3-72667A0F2156}.Debug|Any CPU.ActiveCfg = Debug|Any CPU
		{0C6127E5-C16E-4DF1-B3E3-72667A0F2156}.Debug|Any CPU.Build.0 = Debug|Any CPU
		{0C6127E5-C16E-4DF1-B3E3-72667A0F2156}.Release|Any CPU.ActiveCfg = Release|Any CPU
		{0C6127E5-C16E-4DF1-B3E3-72667A0F2156}.Release|Any CPU.Build.0 = Release|Any CPU
		{510DAC64-C69D-41C9-BCAB-A3D59EC02DF1}.Debug|Any CPU.ActiveCfg = Debug|Any CPU
		{510DAC64-C69D-41C9-BCAB-A3D59EC02DF1}.Debug|Any CPU.Build.0 = Debug|Any CPU
		{510DAC64-C69D-41C9-BCAB-A3D59EC02DF1}.Release|Any CPU.ActiveCfg = Release|Any CPU
		{510DAC64-C69D-41C9-BCAB-A3D59EC02DF1}.Release|Any CPU.Build.0 = Release|Any CPU
		{9E0E1D66-3EE0-44E8-A0D7-00C7CC68CBC8}.Debug|Any CPU.ActiveCfg = Debug|Any CPU
		{9E0E1D66-3EE0-44E8-A0D7-00C7CC68CBC8}.Debug|Any CPU.Build.0 = Debug|Any CPU
		{9E0E1D66-3EE0-44E8-A0D7-00C7CC68CBC8}.Release|Any CPU.ActiveCfg = Release|Any CPU
		{9E0E1D66-3EE0-44E8-A0D7-00C7CC68CBC8}.Release|Any CPU.Build.0 = Release|Any CPU
		{2E3C1EA5-FA80-4194-9930-332681A25BA7}.Debug|Any CPU.ActiveCfg = Debug|Any CPU
		{2E3C1EA5-FA80-4194-9930-332681A25BA7}.Debug|Any CPU.Build.0 = Debug|Any CPU
		{2E3C1EA5-FA80-4194-9930-332681A25BA7}.Release|Any CPU.ActiveCfg = Release|Any CPU
		{2E3C1EA5-FA80-4194-9930-332681A25BA7}.Release|Any CPU.Build.0 = Release|Any CPU
		{B00DF221-6C91-4623-B2E5-FD5B5B7FE76E}.Debug|Any CPU.ActiveCfg = Debug|Any CPU
		{B00DF221-6C91-4623-B2E5-FD5B5B7FE76E}.Debug|Any CPU.Build.0 = Debug|Any CPU
		{B00DF221-6C91-4623-B2E5-FD5B5B7FE76E}.Release|Any CPU.ActiveCfg = Release|Any CPU
		{B00DF221-6C91-4623-B2E5-FD5B5B7FE76E}.Release|Any CPU.Build.0 = Release|Any CPU
		{A3E311BB-03AC-48E4-882F-4682201D6564}.Debug|Any CPU.ActiveCfg = Debug|Any CPU
		{A3E311BB-03AC-48E4-882F-4682201D6564}.Debug|Any CPU.Build.0 = Debug|Any CPU
		{A3E311BB-03AC-48E4-882F-4682201D6564}.Release|Any CPU.ActiveCfg = Release|Any CPU
		{A3E311BB-03AC-48E4-882F-4682201D6564}.Release|Any CPU.Build.0 = Release|Any CPU
		{E9081628-5CE5-471D-AD51-F8B47856BEDB}.Debug|Any CPU.ActiveCfg = Debug|Any CPU
		{E9081628-5CE5-471D-AD51-F8B47856BEDB}.Debug|Any CPU.Build.0 = Debug|Any CPU
		{E9081628-5CE5-471D-AD51-F8B47856BEDB}.Release|Any CPU.ActiveCfg = Release|Any CPU
		{E9081628-5CE5-471D-AD51-F8B47856BEDB}.Release|Any CPU.Build.0 = Release|Any CPU
		{DF3050BD-0C47-4018-B10B-916C9B4BA097}.Debug|Any CPU.ActiveCfg = Debug|Any CPU
		{DF3050BD-0C47-4018-B10B-916C9B4BA097}.Debug|Any CPU.Build.0 = Debug|Any CPU
		{DF3050BD-0C47-4018-B10B-916C9B4BA097}.Release|Any CPU.ActiveCfg = Release|Any CPU
		{DF3050BD-0C47-4018-B10B-916C9B4BA097}.Release|Any CPU.Build.0 = Release|Any CPU
		{FE5E27D9-83F7-482D-BD6B-E13829D8DD67}.Debug|Any CPU.ActiveCfg = Debug|Any CPU
		{FE5E27D9-83F7-482D-BD6B-E13829D8DD67}.Debug|Any CPU.Build.0 = Debug|Any CPU
		{FE5E27D9-83F7-482D-BD6B-E13829D8DD67}.Release|Any CPU.ActiveCfg = Release|Any CPU
		{FE5E27D9-83F7-482D-BD6B-E13829D8DD67}.Release|Any CPU.Build.0 = Release|Any CPU
		{67C4CE32-891A-4D7E-9204-E61D7A8702B0}.Debug|Any CPU.ActiveCfg = Debug|Any CPU
		{67C4CE32-891A-4D7E-9204-E61D7A8702B0}.Debug|Any CPU.Build.0 = Debug|Any CPU
		{67C4CE32-891A-4D7E-9204-E61D7A8702B0}.Release|Any CPU.ActiveCfg = Release|Any CPU
		{67C4CE32-891A-4D7E-9204-E61D7A8702B0}.Release|Any CPU.Build.0 = Release|Any CPU
		{A6FD93B0-8A15-410B-80FA-4F9C9E8DE3DD}.Debug|Any CPU.ActiveCfg = Debug|Any CPU
		{A6FD93B0-8A15-410B-80FA-4F9C9E8DE3DD}.Debug|Any CPU.Build.0 = Debug|Any CPU
		{A6FD93B0-8A15-410B-80FA-4F9C9E8DE3DD}.Release|Any CPU.ActiveCfg = Release|Any CPU
		{A6FD93B0-8A15-410B-80FA-4F9C9E8DE3DD}.Release|Any CPU.Build.0 = Release|Any CPU
		{2DF9AF76-DBCE-425E-BE91-58CA0C8254EB}.Debug|Any CPU.ActiveCfg = Debug|Any CPU
		{2DF9AF76-DBCE-425E-BE91-58CA0C8254EB}.Debug|Any CPU.Build.0 = Debug|Any CPU
		{2DF9AF76-DBCE-425E-BE91-58CA0C8254EB}.Release|Any CPU.ActiveCfg = Release|Any CPU
		{2DF9AF76-DBCE-425E-BE91-58CA0C8254EB}.Release|Any CPU.Build.0 = Release|Any CPU
		{76F0BE26-26D6-43E4-9DCA-DE656402609D}.Debug|Any CPU.ActiveCfg = Debug|Any CPU
		{76F0BE26-26D6-43E4-9DCA-DE656402609D}.Debug|Any CPU.Build.0 = Debug|Any CPU
		{76F0BE26-26D6-43E4-9DCA-DE656402609D}.Release|Any CPU.ActiveCfg = Release|Any CPU
		{76F0BE26-26D6-43E4-9DCA-DE656402609D}.Release|Any CPU.Build.0 = Release|Any CPU
	EndGlobalSection
	GlobalSection(SolutionProperties) = preSolution
		HideSolutionNode = FALSE
	EndGlobalSection
	GlobalSection(NestedProjects) = preSolution
		{6A79AB97-4A67-42C6-80E5-8752F1CCB80F} = {0D8B8C61-ED6C-4E6B-B97C-8741AF364B71}
		{25F2DDC9-C4E6-4A26-BC98-3B9B04C320A6} = {0D8B8C61-ED6C-4E6B-B97C-8741AF364B71}
		{0C6127E5-C16E-4DF1-B3E3-72667A0F2156} = {0D8B8C61-ED6C-4E6B-B97C-8741AF364B71}
		{510DAC64-C69D-41C9-BCAB-A3D59EC02DF1} = {F71C0957-D985-4AF2-9273-1F88B2A8F44E}
		{9E0E1D66-3EE0-44E8-A0D7-00C7CC68CBC8} = {F71C0957-D985-4AF2-9273-1F88B2A8F44E}
		{2E3C1EA5-FA80-4194-9930-332681A25BA7} = {F71C0957-D985-4AF2-9273-1F88B2A8F44E}
		{B00DF221-6C91-4623-B2E5-FD5B5B7FE76E} = {462D6F3E-79C5-4E92-98EC-C416CC477221}
		{A3E311BB-03AC-48E4-882F-4682201D6564} = {462D6F3E-79C5-4E92-98EC-C416CC477221}
		{E9081628-5CE5-471D-AD51-F8B47856BEDB} = {462D6F3E-79C5-4E92-98EC-C416CC477221}
		{DF3050BD-0C47-4018-B10B-916C9B4BA097} = {8C63CAD1-98DA-41B7-8AD1-C180A723B74B}
		{FE5E27D9-83F7-482D-BD6B-E13829D8DD67} = {8C63CAD1-98DA-41B7-8AD1-C180A723B74B}
		{67C4CE32-891A-4D7E-9204-E61D7A8702B0} = {8C63CAD1-98DA-41B7-8AD1-C180A723B74B}
		{A6FD93B0-8A15-410B-80FA-4F9C9E8DE3DD} = {BEAA37B3-A1E1-4122-AF7A-DC149B57F0A1}
		{2DF9AF76-DBCE-425E-BE91-58CA0C8254EB} = {BEAA37B3-A1E1-4122-AF7A-DC149B57F0A1}
		{76F0BE26-26D6-43E4-9DCA-DE656402609D} = {BEAA37B3-A1E1-4122-AF7A-DC149B57F0A1}
	EndGlobalSection
	GlobalSection(ExtensibilityGlobals) = postSolution
		SolutionGuid = {FC32C698-7490-4B89-B893-AFCF0FC14B4C}
	EndGlobalSection
EndGlobal
